
Microsoft Visual Studio Solution File, Format Version 12.00
# Visual Studio 2017
Project("{FAE04EC0-301F-11D3-BF4B-00C04F79EFBC}") = "JPush.Plugins", "JPush.Plugins.csproj", "{635468EC-E1C2-3328-579F-572A33E56239}"
EndProject
Project("{FAE04EC0-301F-11D3-BF4B-00C04F79EFBC}") = "JPush", "JPush.csproj", "{885A9FB3-7552-6336-8E2F-04BFEB9D5565}"
EndProject
Global
	GlobalSection(SolutionConfigurationPlatforms) = preSolution
		Debug|Any CPU = Debug|Any CPU
		Release|Any CPU = Release|Any CPU
	EndGlobalSection
	GlobalSection(ProjectConfigurationPlatforms) = postSolution
		{635468EC-E1C2-3328-579F-572A33E56239}.Debug|Any CPU.ActiveCfg = Debug|Any CPU
		{635468EC-E1C2-3328-579F-572A33E56239}.Debug|Any CPU.Build.0 = Debug|Any CPU
		{635468EC-E1C2-3328-579F-572A33E56239}.Release|Any CPU.ActiveCfg = Release|Any CPU
		{635468EC-E1C2-3328-579F-572A33E56239}.Release|Any CPU.Build.0 = Release|Any CPU
		{885A9FB3-7552-6336-8E2F-04BFEB9D5565}.Debug|Any CPU.ActiveCfg = Debug|Any CPU
		{885A9FB3-7552-6336-8E2F-04BFEB9D5565}.Debug|Any CPU.Build.0 = Debug|Any CPU
		{885A9FB3-7552-6336-8E2F-04BFEB9D5565}.Release|Any CPU.ActiveCfg = Release|Any CPU
		{885A9FB3-7552-6336-8E2F-04BFEB9D5565}.Release|Any CPU.Build.0 = Release|Any CPU
	EndGlobalSection
	GlobalSection(SolutionProperties) = preSolution
		HideSolutionNode = FALSE
	EndGlobalSection
EndGlobal
